
Microsoft Visual Studio Solution File, Format Version 12.00
# Visual Studio Version 16
VisualStudioVersion = 16.0.29318.209
MinimumVisualStudioVersion = 10.0.40219.1
Project("{9A19103F-16F7-4668-BE54-9A1E7A4F7556}") = "RajatPatwari.Vertex.Runtime", "RajatPatwari.Vertex.Runtime\RajatPatwari.Vertex.Runtime.csproj", "{CE177D50-580F-45D3-8B54-E083F6639927}"
EndProject
Global
	GlobalSection(SolutionConfigurationPlatforms) = preSolution
		Debug|Any CPU = Debug|Any CPU
		Release|Any CPU = Release|Any CPU
	EndGlobalSection
	GlobalSection(ProjectConfigurationPlatforms) = postSolution
		{CE177D50-580F-45D3-8B54-E083F6639927}.Debug|Any CPU.ActiveCfg = Debug|Any CPU
		{CE177D50-580F-45D3-8B54-E083F6639927}.Debug|Any CPU.Build.0 = Debug|Any CPU
		{CE177D50-580F-45D3-8B54-E083F6639927}.Release|Any CPU.ActiveCfg = Release|Any CPU
		{CE177D50-580F-45D3-8B54-E083F6639927}.Release|Any CPU.Build.0 = Release|Any CPU
	EndGlobalSection
	GlobalSection(SolutionProperties) = preSolution
		HideSolutionNode = FALSE
	EndGlobalSection
	GlobalSection(ExtensibilityGlobals) = postSolution
		SolutionGuid = {246487AF-B6B0-447C-80AB-0302502739F0}
	EndGlobalSection
EndGlobal
