
Microsoft Visual Studio Solution File, Format Version 12.00
# Visual Studio 15
VisualStudioVersion = 15.0.28307.645
MinimumVisualStudioVersion = 10.0.40219.1
Project("{9A19103F-16F7-4668-BE54-9A1E7A4F7556}") = "RajatPatwari.Vertex.Runtime", "RajatPatwari.Vertex.Runtime\RajatPatwari.Vertex.Runtime.csproj", "{3F9E9A21-0919-41CF-9534-E65C86E3970E}"
EndProject
Project("{9A19103F-16F7-4668-BE54-9A1E7A4F7556}") = "RajatPatwari.Vertex.Test", "RajatPatwari.Vertex.Test\RajatPatwari.Vertex.Test.csproj", "{4A73899D-9F62-4FF3-BA49-7EEEA81837A1}"
EndProject
Global
	GlobalSection(SolutionConfigurationPlatforms) = preSolution
		Debug|Any CPU = Debug|Any CPU
		Release|Any CPU = Release|Any CPU
	EndGlobalSection
	GlobalSection(ProjectConfigurationPlatforms) = postSolution
		{3F9E9A21-0919-41CF-9534-E65C86E3970E}.Debug|Any CPU.ActiveCfg = Debug|Any CPU
		{3F9E9A21-0919-41CF-9534-E65C86E3970E}.Debug|Any CPU.Build.0 = Debug|Any CPU
		{3F9E9A21-0919-41CF-9534-E65C86E3970E}.Release|Any CPU.ActiveCfg = Release|Any CPU
		{3F9E9A21-0919-41CF-9534-E65C86E3970E}.Release|Any CPU.Build.0 = Release|Any CPU
		{4A73899D-9F62-4FF3-BA49-7EEEA81837A1}.Debug|Any CPU.ActiveCfg = Debug|Any CPU
		{4A73899D-9F62-4FF3-BA49-7EEEA81837A1}.Debug|Any CPU.Build.0 = Debug|Any CPU
		{4A73899D-9F62-4FF3-BA49-7EEEA81837A1}.Release|Any CPU.ActiveCfg = Release|Any CPU
		{4A73899D-9F62-4FF3-BA49-7EEEA81837A1}.Release|Any CPU.Build.0 = Release|Any CPU
	EndGlobalSection
	GlobalSection(SolutionProperties) = preSolution
		HideSolutionNode = FALSE
	EndGlobalSection
	GlobalSection(ExtensibilityGlobals) = postSolution
		SolutionGuid = {8C5D4AD3-D21C-41F1-B410-96E606A20052}
	EndGlobalSection
EndGlobal
